
Microsoft Visual Studio Solution File, Format Version 12.00
# Visual Studio 15
VisualStudioVersion = 15.0.27130.2027
MinimumVisualStudioVersion = 10.0.40219.1
Project("{FAE04EC0-301F-11D3-BF4B-00C04F79EFBC}") = "DemoGPS.Android", "DemoGPS\DemoGPS.Android\DemoGPS.Android.csproj", "{CC4D386F-E4A7-4B3B-A2CE-2A19AE7E3B32}"
EndProject
Project("{FAE04EC0-301F-11D3-BF4B-00C04F79EFBC}") = "DemoGPS.iOS", "DemoGPS\DemoGPS.iOS\DemoGPS.iOS.csproj", "{ACF6C48E-07D8-4619-A75F-EC1DC7085358}"
EndProject
Project("{FAE04EC0-301F-11D3-BF4B-00C04F79EFBC}") = "DemoGPS.UWP", "DemoGPS\DemoGPS.UWP\DemoGPS.UWP.csproj", "{0C60ACE2-F47A-4766-900D-32206B7934FF}"
EndProject
Project("{FAE04EC0-301F-11D3-BF4B-00C04F79EFBC}") = "DemoGPS", "DemoGPS\DemoGPS\DemoGPS.csproj", "{47852BB6-8ACB-4322-A7FA-8A1104AC6012}"
EndProject
Global
	GlobalSection(SolutionConfigurationPlatforms) = preSolution
		Ad-Hoc|Any CPU = Ad-Hoc|Any CPU
		Ad-Hoc|ARM = Ad-Hoc|ARM
		Ad-Hoc|iPhone = Ad-Hoc|iPhone
		Ad-Hoc|iPhoneSimulator = Ad-Hoc|iPhoneSimulator
		Ad-Hoc|x64 = Ad-Hoc|x64
		Ad-Hoc|x86 = Ad-Hoc|x86
		AppStore|Any CPU = AppStore|Any CPU
		AppStore|ARM = AppStore|ARM
		AppStore|iPhone = AppStore|iPhone
		AppStore|iPhoneSimulator = AppStore|iPhoneSimulator
		AppStore|x64 = AppStore|x64
		AppStore|x86 = AppStore|x86
		Debug|Any CPU = Debug|Any CPU
		Debug|ARM = Debug|ARM
		Debug|iPhone = Debug|iPhone
		Debug|iPhoneSimulator = Debug|iPhoneSimulator
		Debug|x64 = Debug|x64
		Debug|x86 = Debug|x86
		Release|Any CPU = Release|Any CPU
		Release|ARM = Release|ARM
		Release|iPhone = Release|iPhone
		Release|iPhoneSimulator = Release|iPhoneSimulator
		Release|x64 = Release|x64
		Release|x86 = Release|x86
	EndGlobalSection
	GlobalSection(ProjectConfigurationPlatforms) = postSolution
		{CC4D386F-E4A7-4B3B-A2CE-2A19AE7E3B32}.Ad-Hoc|Any CPU.ActiveCfg = Release|Any CPU
		{CC4D386F-E4A7-4B3B-A2CE-2A19AE7E3B32}.Ad-Hoc|Any CPU.Build.0 = Release|Any CPU
		{CC4D386F-E4A7-4B3B-A2CE-2A19AE7E3B32}.Ad-Hoc|Any CPU.Deploy.0 = Release|Any CPU
		{CC4D386F-E4A7-4B3B-A2CE-2A19AE7E3B32}.Ad-Hoc|ARM.ActiveCfg = Release|Any CPU
		{CC4D386F-E4A7-4B3B-A2CE-2A19AE7E3B32}.Ad-Hoc|ARM.Build.0 = Release|Any CPU
		{CC4D386F-E4A7-4B3B-A2CE-2A19AE7E3B32}.Ad-Hoc|ARM.Deploy.0 = Release|Any CPU
		{CC4D386F-E4A7-4B3B-A2CE-2A19AE7E3B32}.Ad-Hoc|iPhone.ActiveCfg = Release|Any CPU
		{CC4D386F-E4A7-4B3B-A2CE-2A19AE7E3B32}.Ad-Hoc|iPhone.Build.0 = Release|Any CPU
		{CC4D386F-E4A7-4B3B-A2CE-2A19AE7E3B32}.Ad-Hoc|iPhone.Deploy.0 = Release|Any CPU
		{CC4D386F-E4A7-4B3B-A2CE-2A19AE7E3B32}.Ad-Hoc|iPhoneSimulator.ActiveCfg = Release|Any CPU
		{CC4D386F-E4A7-4B3B-A2CE-2A19AE7E3B32}.Ad-Hoc|iPhoneSimulator.Build.0 = Release|Any CPU
		{CC4D386F-E4A7-4B3B-A2CE-2A19AE7E3B32}.Ad-Hoc|iPhoneSimulator.Deploy.0 = Release|Any CPU
		{CC4D386F-E4A7-4B3B-A2CE-2A19AE7E3B32}.Ad-Hoc|x64.ActiveCfg = Release|Any CPU
		{CC4D386F-E4A7-4B3B-A2CE-2A19AE7E3B32}.Ad-Hoc|x64.Build.0 = Release|Any CPU
		{CC4D386F-E4A7-4B3B-A2CE-2A19AE7E3B32}.Ad-Hoc|x64.Deploy.0 = Release|Any CPU
		{CC4D386F-E4A7-4B3B-A2CE-2A19AE7E3B32}.Ad-Hoc|x86.ActiveCfg = Release|Any CPU
		{CC4D386F-E4A7-4B3B-A2CE-2A19AE7E3B32}.Ad-Hoc|x86.Build.0 = Release|Any CPU
		{CC4D386F-E4A7-4B3B-A2CE-2A19AE7E3B32}.Ad-Hoc|x86.Deploy.0 = Release|Any CPU
		{CC4D386F-E4A7-4B3B-A2CE-2A19AE7E3B32}.AppStore|Any CPU.ActiveCfg = Release|Any CPU
		{CC4D386F-E4A7-4B3B-A2CE-2A19AE7E3B32}.AppStore|Any CPU.Build.0 = Release|Any CPU
		{CC4D386F-E4A7-4B3B-A2CE-2A19AE7E3B32}.AppStore|Any CPU.Deploy.0 = Release|Any CPU
		{CC4D386F-E4A7-4B3B-A2CE-2A19AE7E3B32}.AppStore|ARM.ActiveCfg = Release|Any CPU
		{CC4D386F-E4A7-4B3B-A2CE-2A19AE7E3B32}.AppStore|ARM.Build.0 = Release|Any CPU
		{CC4D386F-E4A7-4B3B-A2CE-2A19AE7E3B32}.AppStore|ARM.Deploy.0 = Release|Any CPU
		{CC4D386F-E4A7-4B3B-A2CE-2A19AE7E3B32}.AppStore|iPhone.ActiveCfg = Release|Any CPU
		{CC4D386F-E4A7-4B3B-A2CE-2A19AE7E3B32}.AppStore|iPhone.Build.0 = Release|Any CPU
		{CC4D386F-E4A7-4B3B-A2CE-2A19AE7E3B32}.AppStore|iPhone.Deploy.0 = Release|Any CPU
		{CC4D386F-E4A7-4B3B-A2CE-2A19AE7E3B32}.AppStore|iPhoneSimulator.ActiveCfg = Release|Any CPU
		{CC4D386F-E4A7-4B3B-A2CE-2A19AE7E3B32}.AppStore|iPhoneSimulator.Build.0 = Release|Any CPU
		{CC4D386F-E4A7-4B3B-A2CE-2A19AE7E3B32}.AppStore|iPhoneSimulator.Deploy.0 = Release|Any CPU
		{CC4D386F-E4A7-4B3B-A2CE-2A19AE7E3B32}.AppStore|x64.ActiveCfg = Release|Any CPU
		{CC4D386F-E4A7-4B3B-A2CE-2A19AE7E3B32}.AppStore|x64.Build.0 = Release|Any CPU
		{CC4D386F-E4A7-4B3B-A2CE-2A19AE7E3B32}.AppStore|x64.Deploy.0 = Release|Any CPU
		{CC4D386F-E4A7-4B3B-A2CE-2A19AE7E3B32}.AppStore|x86.ActiveCfg = Release|Any CPU
		{CC4D386F-E4A7-4B3B-A2CE-2A19AE7E3B32}.AppStore|x86.Build.0 = Release|Any CPU
		{CC4D386F-E4A7-4B3B-A2CE-2A19AE7E3B32}.AppStore|x86.Deploy.0 = Release|Any CPU
		{CC4D386F-E4A7-4B3B-A2CE-2A19AE7E3B32}.Debug|Any CPU.ActiveCfg = Debug|Any CPU
		{CC4D386F-E4A7-4B3B-A2CE-2A19AE7E3B32}.Debug|Any CPU.Build.0 = Debug|Any CPU
		{CC4D386F-E4A7-4B3B-A2CE-2A19AE7E3B32}.Debug|Any CPU.Deploy.0 = Debug|Any CPU
		{CC4D386F-E4A7-4B3B-A2CE-2A19AE7E3B32}.Debug|ARM.ActiveCfg = Debug|Any CPU
		{CC4D386F-E4A7-4B3B-A2CE-2A19AE7E3B32}.Debug|ARM.Build.0 = Debug|Any CPU
		{CC4D386F-E4A7-4B3B-A2CE-2A19AE7E3B32}.Debug|ARM.Deploy.0 = Debug|Any CPU
		{CC4D386F-E4A7-4B3B-A2CE-2A19AE7E3B32}.Debug|iPhone.ActiveCfg = Debug|Any CPU
		{CC4D386F-E4A7-4B3B-A2CE-2A19AE7E3B32}.Debug|iPhone.Build.0 = Debug|Any CPU
		{CC4D386F-E4A7-4B3B-A2CE-2A19AE7E3B32}.Debug|iPhone.Deploy.0 = Debug|Any CPU
		{CC4D386F-E4A7-4B3B-A2CE-2A19AE7E3B32}.Debug|iPhoneSimulator.ActiveCfg = Debug|Any CPU
		{CC4D386F-E4A7-4B3B-A2CE-2A19AE7E3B32}.Debug|iPhoneSimulator.Build.0 = Debug|Any CPU
		{CC4D386F-E4A7-4B3B-A2CE-2A19AE7E3B32}.Debug|iPhoneSimulator.Deploy.0 = Debug|Any CPU
		{CC4D386F-E4A7-4B3B-A2CE-2A19AE7E3B32}.Debug|x64.ActiveCfg = Debug|Any CPU
		{CC4D386F-E4A7-4B3B-A2CE-2A19AE7E3B32}.Debug|x64.Build.0 = Debug|Any CPU
		{CC4D386F-E4A7-4B3B-A2CE-2A19AE7E3B32}.Debug|x64.Deploy.0 = Debug|Any CPU
		{CC4D386F-E4A7-4B3B-A2CE-2A19AE7E3B32}.Debug|x86.ActiveCfg = Debug|Any CPU
		{CC4D386F-E4A7-4B3B-A2CE-2A19AE7E3B32}.Debug|x86.Build.0 = Debug|Any CPU
		{CC4D386F-E4A7-4B3B-A2CE-2A19AE7E3B32}.Debug|x86.Deploy.0 = Debug|Any CPU
		{CC4D386F-E4A7-4B3B-A2CE-2A19AE7E3B32}.Release|Any CPU.ActiveCfg = Release|Any CPU
		{CC4D386F-E4A7-4B3B-A2CE-2A19AE7E3B32}.Release|Any CPU.Build.0 = Release|Any CPU
		{CC4D386F-E4A7-4B3B-A2CE-2A19AE7E3B32}.Release|Any CPU.Deploy.0 = Release|Any CPU
		{CC4D386F-E4A7-4B3B-A2CE-2A19AE7E3B32}.Release|ARM.ActiveCfg = Release|Any CPU
		{CC4D386F-E4A7-4B3B-A2CE-2A19AE7E3B32}.Release|ARM.Build.0 = Release|Any CPU
		{CC4D386F-E4A7-4B3B-A2CE-2A19AE7E3B32}.Release|ARM.Deploy.0 = Release|Any CPU
		{CC4D386F-E4A7-4B3B-A2CE-2A19AE7E3B32}.Release|iPhone.ActiveCfg = Release|Any CPU
		{CC4D386F-E4A7-4B3B-A2CE-2A19AE7E3B32}.Release|iPhone.Build.0 = Release|Any CPU
		{CC4D386F-E4A7-4B3B-A2CE-2A19AE7E3B32}.Release|iPhone.Deploy.0 = Release|Any CPU
		{CC4D386F-E4A7-4B3B-A2CE-2A19AE7E3B32}.Release|iPhoneSimulator.ActiveCfg = Release|Any CPU
		{CC4D386F-E4A7-4B3B-A2CE-2A19AE7E3B32}.Release|iPhoneSimulator.Build.0 = Release|Any CPU
		{CC4D386F-E4A7-4B3B-A2CE-2A19AE7E3B32}.Release|iPhoneSimulator.Deploy.0 = Release|Any CPU
		{CC4D386F-E4A7-4B3B-A2CE-2A19AE7E3B32}.Release|x64.ActiveCfg = Release|Any CPU
		{CC4D386F-E4A7-4B3B-A2CE-2A19AE7E3B32}.Release|x64.Build.0 = Release|Any CPU
		{CC4D386F-E4A7-4B3B-A2CE-2A19AE7E3B32}.Release|x64.Deploy.0 = Release|Any CPU
		{CC4D386F-E4A7-4B3B-A2CE-2A19AE7E3B32}.Release|x86.ActiveCfg = Release|Any CPU
		{CC4D386F-E4A7-4B3B-A2CE-2A19AE7E3B32}.Release|x86.Build.0 = Release|Any CPU
		{CC4D386F-E4A7-4B3B-A2CE-2A19AE7E3B32}.Release|x86.Deploy.0 = Release|Any CPU
		{ACF6C48E-07D8-4619-A75F-EC1DC7085358}.Ad-Hoc|Any CPU.ActiveCfg = Ad-Hoc|iPhone
		{ACF6C48E-07D8-4619-A75F-EC1DC7085358}.Ad-Hoc|ARM.ActiveCfg = Ad-Hoc|iPhone
		{ACF6C48E-07D8-4619-A75F-EC1DC7085358}.Ad-Hoc|iPhone.ActiveCfg = Ad-Hoc|iPhone
		{ACF6C48E-07D8-4619-A75F-EC1DC7085358}.Ad-Hoc|iPhone.Build.0 = Ad-Hoc|iPhone
		{ACF6C48E-07D8-4619-A75F-EC1DC7085358}.Ad-Hoc|iPhoneSimulator.ActiveCfg = Ad-Hoc|iPhoneSimulator
		{ACF6C48E-07D8-4619-A75F-EC1DC7085358}.Ad-Hoc|iPhoneSimulator.Build.0 = Ad-Hoc|iPhoneSimulator
		{ACF6C48E-07D8-4619-A75F-EC1DC7085358}.Ad-Hoc|x64.ActiveCfg = Ad-Hoc|iPhone
		{ACF6C48E-07D8-4619-A75F-EC1DC7085358}.Ad-Hoc|x86.ActiveCfg = Ad-Hoc|iPhone
		{ACF6C48E-07D8-4619-A75F-EC1DC7085358}.AppStore|Any CPU.ActiveCfg = AppStore|iPhone
		{ACF6C48E-07D8-4619-A75F-EC1DC7085358}.AppStore|ARM.ActiveCfg = AppStore|iPhone
		{ACF6C48E-07D8-4619-A75F-EC1DC7085358}.AppStore|iPhone.ActiveCfg = AppStore|iPhone
		{ACF6C48E-07D8-4619-A75F-EC1DC7085358}.AppStore|iPhone.Build.0 = AppStore|iPhone
		{ACF6C48E-07D8-4619-A75F-EC1DC7085358}.AppStore|iPhoneSimulator.ActiveCfg = AppStore|iPhoneSimulator
		{ACF6C48E-07D8-4619-A75F-EC1DC7085358}.AppStore|iPhoneSimulator.Build.0 = AppStore|iPhoneSimulator
		{ACF6C48E-07D8-4619-A75F-EC1DC7085358}.AppStore|x64.ActiveCfg = AppStore|iPhone
		{ACF6C48E-07D8-4619-A75F-EC1DC7085358}.AppStore|x86.ActiveCfg = AppStore|iPhone
		{ACF6C48E-07D8-4619-A75F-EC1DC7085358}.Debug|Any CPU.ActiveCfg = Debug|iPhone
		{ACF6C48E-07D8-4619-A75F-EC1DC7085358}.Debug|ARM.ActiveCfg = Debug|iPhone
		{ACF6C48E-07D8-4619-A75F-EC1DC7085358}.Debug|iPhone.ActiveCfg = Debug|iPhone
		{ACF6C48E-07D8-4619-A75F-EC1DC7085358}.Debug|iPhone.Build.0 = Debug|iPhone
		{ACF6C48E-07D8-4619-A75F-EC1DC7085358}.Debug|iPhoneSimulator.ActiveCfg = Debug|iPhoneSimulator
		{ACF6C48E-07D8-4619-A75F-EC1DC7085358}.Debug|iPhoneSimulator.Build.0 = Debug|iPhoneSimulator
		{ACF6C48E-07D8-4619-A75F-EC1DC7085358}.Debug|x64.ActiveCfg = Debug|iPhone
		{ACF6C48E-07D8-4619-A75F-EC1DC7085358}.Debug|x86.ActiveCfg = Debug|iPhone
		{ACF6C48E-07D8-4619-A75F-EC1DC7085358}.Release|Any CPU.ActiveCfg = Release|iPhone
		{ACF6C48E-07D8-4619-A75F-EC1DC7085358}.Release|ARM.ActiveCfg = Release|iPhone
		{ACF6C48E-07D8-4619-A75F-EC1DC7085358}.Release|iPhone.ActiveCfg = Release|iPhone
		{ACF6C48E-07D8-4619-A75F-EC1DC7085358}.Release|iPhone.Build.0 = Release|iPhone
		{ACF6C48E-07D8-4619-A75F-EC1DC7085358}.Release|iPhoneSimulator.ActiveCfg = Release|iPhoneSimulator
		{ACF6C48E-07D8-4619-A75F-EC1DC7085358}.Release|iPhoneSimulator.Build.0 = Release|iPhoneSimulator
		{ACF6C48E-07D8-4619-A75F-EC1DC7085358}.Release|x64.ActiveCfg = Release|iPhone
		{ACF6C48E-07D8-4619-A75F-EC1DC7085358}.Release|x86.ActiveCfg = Release|iPhone
		{0C60ACE2-F47A-4766-900D-32206B7934FF}.Ad-Hoc|Any CPU.ActiveCfg = Release|x86
		{0C60ACE2-F47A-4766-900D-32206B7934FF}.Ad-Hoc|Any CPU.Build.0 = Release|x86
		{0C60ACE2-F47A-4766-900D-32206B7934FF}.Ad-Hoc|Any CPU.Deploy.0 = Release|x86
		{0C60ACE2-F47A-4766-900D-32206B7934FF}.Ad-Hoc|ARM.ActiveCfg = Release|ARM
		{0C60ACE2-F47A-4766-900D-32206B7934FF}.Ad-Hoc|ARM.Build.0 = Release|ARM
		{0C60ACE2-F47A-4766-900D-32206B7934FF}.Ad-Hoc|ARM.Deploy.0 = Release|ARM
		{0C60ACE2-F47A-4766-900D-32206B7934FF}.Ad-Hoc|iPhone.ActiveCfg = Release|x86
		{0C60ACE2-F47A-4766-900D-32206B7934FF}.Ad-Hoc|iPhone.Build.0 = Release|x86
		{0C60ACE2-F47A-4766-900D-32206B7934FF}.Ad-Hoc|iPhone.Deploy.0 = Release|x86
		{0C60ACE2-F47A-4766-900D-32206B7934FF}.Ad-Hoc|iPhoneSimulator.ActiveCfg = Release|x86
		{0C60ACE2-F47A-4766-900D-32206B7934FF}.Ad-Hoc|iPhoneSimulator.Build.0 = Release|x86
		{0C60ACE2-F47A-4766-900D-32206B7934FF}.Ad-Hoc|iPhoneSimulator.Deploy.0 = Release|x86
		{0C60ACE2-F47A-4766-900D-32206B7934FF}.Ad-Hoc|x64.ActiveCfg = Release|x64
		{0C60ACE2-F47A-4766-900D-32206B7934FF}.Ad-Hoc|x64.Build.0 = Release|x64
		{0C60ACE2-F47A-4766-900D-32206B7934FF}.Ad-Hoc|x64.Deploy.0 = Release|x64
		{0C60ACE2-F47A-4766-900D-32206B7934FF}.Ad-Hoc|x86.ActiveCfg = Release|x86
		{0C60ACE2-F47A-4766-900D-32206B7934FF}.Ad-Hoc|x86.Build.0 = Release|x86
		{0C60ACE2-F47A-4766-900D-32206B7934FF}.Ad-Hoc|x86.Deploy.0 = Release|x86
		{0C60ACE2-F47A-4766-900D-32206B7934FF}.AppStore|Any CPU.ActiveCfg = Release|x86
		{0C60ACE2-F47A-4766-900D-32206B7934FF}.AppStore|Any CPU.Build.0 = Release|x86
		{0C60ACE2-F47A-4766-900D-32206B7934FF}.AppStore|Any CPU.Deploy.0 = Release|x86
		{0C60ACE2-F47A-4766-900D-32206B7934FF}.AppStore|ARM.ActiveCfg = Release|ARM
		{0C60ACE2-F47A-4766-900D-32206B7934FF}.AppStore|ARM.Build.0 = Release|ARM
		{0C60ACE2-F47A-4766-900D-32206B7934FF}.AppStore|ARM.Deploy.0 = Release|ARM
		{0C60ACE2-F47A-4766-900D-32206B7934FF}.AppStore|iPhone.ActiveCfg = Release|x86
		{0C60ACE2-F47A-4766-900D-32206B7934FF}.AppStore|iPhone.Build.0 = Release|x86
		{0C60ACE2-F47A-4766-900D-32206B7934FF}.AppStore|iPhone.Deploy.0 = Release|x86
		{0C60ACE2-F47A-4766-900D-32206B7934FF}.AppStore|iPhoneSimulator.ActiveCfg = Release|x86
		{0C60ACE2-F47A-4766-900D-32206B7934FF}.AppStore|iPhoneSimulator.Build.0 = Release|x86
		{0C60ACE2-F47A-4766-900D-32206B7934FF}.AppStore|iPhoneSimulator.Deploy.0 = Release|x86
		{0C60ACE2-F47A-4766-900D-32206B7934FF}.AppStore|x64.ActiveCfg = Release|x64
		{0C60ACE2-F47A-4766-900D-32206B7934FF}.AppStore|x64.Build.0 = Release|x64
		{0C60ACE2-F47A-4766-900D-32206B7934FF}.AppStore|x64.Deploy.0 = Release|x64
		{0C60ACE2-F47A-4766-900D-32206B7934FF}.AppStore|x86.ActiveCfg = Release|x86
		{0C60ACE2-F47A-4766-900D-32206B7934FF}.AppStore|x86.Build.0 = Release|x86
		{0C60ACE2-F47A-4766-900D-32206B7934FF}.AppStore|x86.Deploy.0 = Release|x86
		{0C60ACE2-F47A-4766-900D-32206B7934FF}.Debug|Any CPU.ActiveCfg = Debug|x86
		{0C60ACE2-F47A-4766-900D-32206B7934FF}.Debug|ARM.ActiveCfg = Debug|ARM
		{0C60ACE2-F47A-4766-900D-32206B7934FF}.Debug|ARM.Build.0 = Debug|ARM
		{0C60ACE2-F47A-4766-900D-32206B7934FF}.Debug|ARM.Deploy.0 = Debug|ARM
		{0C60ACE2-F47A-4766-900D-32206B7934FF}.Debug|iPhone.ActiveCfg = Debug|x86
		{0C60ACE2-F47A-4766-900D-32206B7934FF}.Debug|iPhoneSimulator.ActiveCfg = Debug|x86
		{0C60ACE2-F47A-4766-900D-32206B7934FF}.Debug|x64.ActiveCfg = Debug|x64
		{0C60ACE2-F47A-4766-900D-32206B7934FF}.Debug|x64.Build.0 = Debug|x64
		{0C60ACE2-F47A-4766-900D-32206B7934FF}.Debug|x64.Deploy.0 = Debug|x64
		{0C60ACE2-F47A-4766-900D-32206B7934FF}.Debug|x86.ActiveCfg = Debug|x86
		{0C60ACE2-F47A-4766-900D-32206B7934FF}.Debug|x86.Build.0 = Debug|x86
		{0C60ACE2-F47A-4766-900D-32206B7934FF}.Debug|x86.Deploy.0 = Debug|x86
		{0C60ACE2-F47A-4766-900D-32206B7934FF}.Release|Any CPU.ActiveCfg = Release|x86
		{0C60ACE2-F47A-4766-900D-32206B7934FF}.Release|ARM.ActiveCfg = Release|ARM
		{0C60ACE2-F47A-4766-900D-32206B7934FF}.Release|ARM.Build.0 = Release|ARM
		{0C60ACE2-F47A-4766-900D-32206B7934FF}.Release|ARM.Deploy.0 = Release|ARM
		{0C60ACE2-F47A-4766-900D-32206B7934FF}.Release|iPhone.ActiveCfg = Release|x86
		{0C60ACE2-F47A-4766-900D-32206B7934FF}.Release|iPhoneSimulator.ActiveCfg = Release|x86
		{0C60ACE2-F47A-4766-900D-32206B7934FF}.Release|x64.ActiveCfg = Release|x64
		{0C60ACE2-F47A-4766-900D-32206B7934FF}.Release|x64.Build.0 = Release|x64
		{0C60ACE2-F47A-4766-900D-32206B7934FF}.Release|x64.Deploy.0 = Release|x64
		{0C60ACE2-F47A-4766-900D-32206B7934FF}.Release|x86.ActiveCfg = Release|x86
		{0C60ACE2-F47A-4766-900D-32206B7934FF}.Release|x86.Build.0 = Release|x86
		{0C60ACE2-F47A-4766-900D-32206B7934FF}.Release|x86.Deploy.0 = Release|x86
		{47852BB6-8ACB-4322-A7FA-8A1104AC6012}.Ad-Hoc|Any CPU.ActiveCfg = Debug|Any CPU
		{47852BB6-8ACB-4322-A7FA-8A1104AC6012}.Ad-Hoc|Any CPU.Build.0 = Debug|Any CPU
		{47852BB6-8ACB-4322-A7FA-8A1104AC6012}.Ad-Hoc|ARM.ActiveCfg = Debug|Any CPU
		{47852BB6-8ACB-4322-A7FA-8A1104AC6012}.Ad-Hoc|ARM.Build.0 = Debug|Any CPU
		{47852BB6-8ACB-4322-A7FA-8A1104AC6012}.Ad-Hoc|iPhone.ActiveCfg = Debug|Any CPU
		{47852BB6-8ACB-4322-A7FA-8A1104AC6012}.Ad-Hoc|iPhone.Build.0 = Debug|Any CPU
		{47852BB6-8ACB-4322-A7FA-8A1104AC6012}.Ad-Hoc|iPhoneSimulator.ActiveCfg = Debug|Any CPU
		{47852BB6-8ACB-4322-A7FA-8A1104AC6012}.Ad-Hoc|iPhoneSimulator.Build.0 = Debug|Any CPU
		{47852BB6-8ACB-4322-A7FA-8A1104AC6012}.Ad-Hoc|x64.ActiveCfg = Debug|Any CPU
		{47852BB6-8ACB-4322-A7FA-8A1104AC6012}.Ad-Hoc|x64.Build.0 = Debug|Any CPU
		{47852BB6-8ACB-4322-A7FA-8A1104AC6012}.Ad-Hoc|x86.ActiveCfg = Debug|Any CPU
		{47852BB6-8ACB-4322-A7FA-8A1104AC6012}.Ad-Hoc|x86.Build.0 = Debug|Any CPU
		{47852BB6-8ACB-4322-A7FA-8A1104AC6012}.AppStore|Any CPU.ActiveCfg = Debug|Any CPU
		{47852BB6-8ACB-4322-A7FA-8A1104AC6012}.AppStore|Any CPU.Build.0 = Debug|Any CPU
		{47852BB6-8ACB-4322-A7FA-8A1104AC6012}.AppStore|ARM.ActiveCfg = Debug|Any CPU
		{47852BB6-8ACB-4322-A7FA-8A1104AC6012}.AppStore|ARM.Build.0 = Debug|Any CPU
		{47852BB6-8ACB-4322-A7FA-8A1104AC6012}.AppStore|iPhone.ActiveCfg = Debug|Any CPU
		{47852BB6-8ACB-4322-A7FA-8A1104AC6012}.AppStore|iPhone.Build.0 = Debug|Any CPU
		{47852BB6-8ACB-4322-A7FA-8A1104AC6012}.AppStore|iPhoneSimulator.ActiveCfg = Debug|Any CPU
		{47852BB6-8ACB-4322-A7FA-8A1104AC6012}.AppStore|iPhoneSimulator.Build.0 = Debug|Any CPU
		{47852BB6-8ACB-4322-A7FA-8A1104AC6012}.AppStore|x64.ActiveCfg = Debug|Any CPU
		{47852BB6-8ACB-4322-A7FA-8A1104AC6012}.AppStore|x64.Build.0 = Debug|Any CPU
		{47852BB6-8ACB-4322-A7FA-8A1104AC6012}.AppStore|x86.ActiveCfg = Debug|Any CPU
		{47852BB6-8ACB-4322-A7FA-8A1104AC6012}.AppStore|x86.Build.0 = Debug|Any CPU
		{47852BB6-8ACB-4322-A7FA-8A1104AC6012}.Debug|Any CPU.ActiveCfg = Debug|Any CPU
		{47852BB6-8ACB-4322-A7FA-8A1104AC6012}.Debug|Any CPU.Build.0 = Debug|Any CPU
		{47852BB6-8ACB-4322-A7FA-8A1104AC6012}.Debug|ARM.ActiveCfg = Debug|Any CPU
		{47852BB6-8ACB-4322-A7FA-8A1104AC6012}.Debug|ARM.Build.0 = Debug|Any CPU
		{47852BB6-8ACB-4322-A7FA-8A1104AC6012}.Debug|iPhone.ActiveCfg = Debug|Any CPU
		{47852BB6-8ACB-4322-A7FA-8A1104AC6012}.Debug|iPhone.Build.0 = Debug|Any CPU
		{47852BB6-8ACB-4322-A7FA-8A1104AC6012}.Debug|iPhoneSimulator.ActiveCfg = Debug|Any CPU
		{47852BB6-8ACB-4322-A7FA-8A1104AC6012}.Debug|iPhoneSimulator.Build.0 = Debug|Any CPU
		{47852BB6-8ACB-4322-A7FA-8A1104AC6012}.Debug|x64.ActiveCfg = Debug|Any CPU
		{47852BB6-8ACB-4322-A7FA-8A1104AC6012}.Debug|x64.Build.0 = Debug|Any CPU
		{47852BB6-8ACB-4322-A7FA-8A1104AC6012}.Debug|x86.ActiveCfg = Debug|Any CPU
		{47852BB6-8ACB-4322-A7FA-8A1104AC6012}.Debug|x86.Build.0 = Debug|Any CPU
		{47852BB6-8ACB-4322-A7FA-8A1104AC6012}.Release|Any CPU.ActiveCfg = Release|Any CPU
		{47852BB6-8ACB-4322-A7FA-8A1104AC6012}.Release|Any CPU.Build.0 = Release|Any CPU
		{47852BB6-8ACB-4322-A7FA-8A1104AC6012}.Release|ARM.ActiveCfg = Release|Any CPU
		{47852BB6-8ACB-4322-A7FA-8A1104AC6012}.Release|ARM.Build.0 = Release|Any CPU
		{47852BB6-8ACB-4322-A7FA-8A1104AC6012}.Release|iPhone.ActiveCfg = Release|Any CPU
		{47852BB6-8ACB-4322-A7FA-8A1104AC6012}.Release|iPhone.Build.0 = Release|Any CPU
		{47852BB6-8ACB-4322-A7FA-8A1104AC6012}.Release|iPhoneSimulator.ActiveCfg = Release|Any CPU
		{47852BB6-8ACB-4322-A7FA-8A1104AC6012}.Release|iPhoneSimulator.Build.0 = Release|Any CPU
		{47852BB6-8ACB-4322-A7FA-8A1104AC6012}.Release|x64.ActiveCfg = Release|Any CPU
		{47852BB6-8ACB-4322-A7FA-8A1104AC6012}.Release|x64.Build.0 = Release|Any CPU
		{47852BB6-8ACB-4322-A7FA-8A1104AC6012}.Release|x86.ActiveCfg = Release|Any CPU
		{47852BB6-8ACB-4322-A7FA-8A1104AC6012}.Release|x86.Build.0 = Release|Any CPU
	EndGlobalSection
	GlobalSection(SolutionProperties) = preSolution
		HideSolutionNode = FALSE
	EndGlobalSection
	GlobalSection(ExtensibilityGlobals) = postSolution
		SolutionGuid = {210124A2-82F2-49D0-BD3D-A5132FA0F692}
	EndGlobalSection
EndGlobal
